PODS:
  - JGProgressHUD (2.1)
  - secux-paymentdevicekit (2.0.15)

DEPENDENCIES:
  - JGProgressHUD
  - secux-paymentdevicekit (= 2.0.15)

SPEC REPOS:
  trunk:
    - JGProgressHUD
    - secux-paymentdevicekit

SPEC CHECKSUMS:
  JGProgressHUD: aa403e9a5b45cae98903c4600cccdd98c0c3ec90
  secux-paymentdevicekit: de63827f3240482e7f5566dd765f17577571826a

PODFILE CHECKSUM: e29c329c7fad2415ed9ab52e65b698ab77753699

COCOAPODS: 1.11.3
